
Microsoft Visual Studio Solution File, Format Version 12.00
# Visual Studio Version 17
VisualStudioVersion = 17.10.35013.160
MinimumVisualStudioVersion = 10.0.40219.1
Project("{FAE04EC0-301F-11D3-BF4B-00C04F79EFBC}") = "MVCDemo", "MVCDemo\MVCDemo.csproj", "{18A3ABFC-0F79-48B0-ACA9-AF39327CE49F}"
EndProject
Global
	GlobalSection(SolutionConfigurationPlatforms) = preSolution
		Debug|Any CPU = Debug|Any CPU
		Release|Any CPU = Release|Any CPU
	EndGlobalSection
	GlobalSection(ProjectConfigurationPlatforms) = postSolution
		{18A3ABFC-0F79-48B0-ACA9-AF39327CE49F}.Debug|Any CPU.ActiveCfg = Debug|Any CPU
		{18A3ABFC-0F79-48B0-ACA9-AF39327CE49F}.Debug|Any CPU.Build.0 = Debug|Any CPU
		{18A3ABFC-0F79-48B0-ACA9-AF39327CE49F}.Release|Any CPU.ActiveCfg = Release|Any CPU
		{18A3ABFC-0F79-48B0-ACA9-AF39327CE49F}.Release|Any CPU.Build.0 = Release|Any CPU
	EndGlobalSection
	GlobalSection(SolutionProperties) = preSolution
		HideSolutionNode = FALSE
	EndGlobalSection
	GlobalSection(ExtensibilityGlobals) = postSolution
		SolutionGuid = {1283F4D9-DB2E-4BEB-BE71-B368844AECF5}
	EndGlobalSection
EndGlobal
